
Microsoft Visual Studio Solution File, Format Version 12.00
# Visual Studio Version 17
VisualStudioVersion = 17.11.35327.3
MinimumVisualStudioVersion = 10.0.40219.1
Project("{FAE04EC0-301F-11D3-BF4B-00C04F79EFBC}") = "DelegateAgeGroupFilter", "DelegateAgeGroupFilter\DelegateAgeGroupFilter.csproj", "{7388D844-0AC6-4DED-B13E-06B092DF3540}"
EndProject
Global
	GlobalSection(SolutionConfigurationPlatforms) = preSolution
		Debug|Any CPU = Debug|Any CPU
		Release|Any CPU = Release|Any CPU
	EndGlobalSection
	GlobalSection(ProjectConfigurationPlatforms) = postSolution
		{7388D844-0AC6-4DED-B13E-06B092DF3540}.Debug|Any CPU.ActiveCfg = Debug|Any CPU
		{7388D844-0AC6-4DED-B13E-06B092DF3540}.Debug|Any CPU.Build.0 = Debug|Any CPU
		{7388D844-0AC6-4DED-B13E-06B092DF3540}.Release|Any CPU.ActiveCfg = Release|Any CPU
		{7388D844-0AC6-4DED-B13E-06B092DF3540}.Release|Any CPU.Build.0 = Release|Any CPU
	EndGlobalSection
	GlobalSection(SolutionProperties) = preSolution
		HideSolutionNode = FALSE
	EndGlobalSection
	GlobalSection(ExtensibilityGlobals) = postSolution
		SolutionGuid = {13D3C185-6C6D-456F-A6F1-F9F1B5566DEE}
	EndGlobalSection
EndGlobal
